
Microsoft Visual Studio Solution File, Format Version 12.00
# Visual Studio 15
VisualStudioVersion = 15.0.28307.438
MinimumVisualStudioVersion = 10.0.40219.1
Project("{FAE04EC0-301F-11D3-BF4B-00C04F79EFBC}") = "Shampaz", "Shampaz\Shampaz.csproj", "{91EF2DD6-EC10-458D-B5A3-97C28A9E8978}"
EndProject
Global
	GlobalSection(SolutionConfigurationPlatforms) = preSolution
		Debug|Any CPU = Debug|Any CPU
		Release|Any CPU = Release|Any CPU
	EndGlobalSection
	GlobalSection(ProjectConfigurationPlatforms) = postSolution
		{91EF2DD6-EC10-458D-B5A3-97C28A9E8978}.Debug|Any CPU.ActiveCfg = Debug|Any CPU
		{91EF2DD6-EC10-458D-B5A3-97C28A9E8978}.Debug|Any CPU.Build.0 = Debug|Any CPU
		{91EF2DD6-EC10-458D-B5A3-97C28A9E8978}.Release|Any CPU.ActiveCfg = Release|Any CPU
		{91EF2DD6-EC10-458D-B5A3-97C28A9E8978}.Release|Any CPU.Build.0 = Release|Any CPU
	EndGlobalSection
	GlobalSection(SolutionProperties) = preSolution
		HideSolutionNode = FALSE
	EndGlobalSection
	GlobalSection(ExtensibilityGlobals) = postSolution
		SolutionGuid = {90F5A6AD-70C0-4348-A6B2-7C808B8FE948}
	EndGlobalSection
EndGlobal
